// !$*UTF8*$!
{
	archiveVersion = 1;
	classes = {
	};
	objectVersion = 56;
	objects = {

/* Begin PBXBuildFile section */
		079DE38B306C1E4900898AAC /* PokeDexUriApp.swift in Sources */ = {isa = PBXBuildFile; fileRef = 079DE38A306C1E4900898AAC /* PokeDexUriApp.swift */; };
		079DE38D306C1E4900898AAC /* ContentView.swift in Sources */ = {isa = PBXBuildFile; fileRef = 079DE38C306C1E4900898AAC /* ContentView.swift */; };
		079DE38F306C1E4D00898AAC /* Assets.xcassets in Resources */ = {isa = PBXBuildFile; fileRef = 079DE38E306C1E4D00898AAC /* Assets.xcassets */; };
		079DE392306C1E4E00898AAC /* Preview Assets.xcassets in Resources */ = {isa = PBXBuildFile; fileRef = 079DE391306C1E4E00898AAC /* Preview Assets.xcassets */; };
		079DE39C306C1E4E00898AAC /* PokeDexUriTests.swift in Sources */ = {isa = PBXBuildFile; fileRef = 079DE39B306C1E4E00898AAC /* PokeDexUriTests.swift */; };
		079DE3A6306C1E4E00898AAC /* PokeDexUriUITests.swift in Sources */ = {isa = PBXBuildFile; fileRef = 079DE3A5306C1E4E00898AAC /* PokeDexUriUITests.swift */; };
		079DE3A8306C1E4E00898AAC /* PokeDexUriUITestsLaunchTests.swift in Sources */ = {isa = PBXBuildFile; fileRef = 079DE3A7306C1E4E00898AAC /* PokeDexUriUITestsLaunchTests.swift */; };
/* End PBXBuildFile section */

/* Begin PBXContainerItemProxy section */
		079DE398306C1E4E00898AAC /* PBXContainerItemProxy */ = {
			isa = PBXContainerItemProxy;
			containerPortal = 079DE37F306C1E4800898AAC /* Project object */;
			proxyType = 1;
			remoteGlobalIDString = 079DE386306C1E4900898AAC;
			remoteInfo = PokeDexUri;
		};
		079DE3A2306C1E4E00898AAC /* PBXContainerItemProxy */ = {
			isa = PBXContainerItemProxy;
			containerPortal = 079DE37F306C1E4800898AAC /* Project object */;
			proxyType = 1;
			remoteGlobalIDString = 079DE386306C1E4900898AAC;
			remoteInfo = PokeDexUri;
		};
/* End PBXContainerItemProxy section */

/* Begin PBXFileReference section */
		079DE387306C1E4900898AAC /* PokeDexUri.app */ = {isa = PBXFileReference; explicitFileType = wrapper.application; includeInIndex = 0; path = PokeDexUri.app; sourceTree = BUILT_PRODUCTS_DIR; };
		079DE38A306C1E4900898AAC /* PokeDexUriApp.swift */ = {isa = PBXFileReference; lastKnownFileType = sourcecode.swift; path = PokeDexUriApp.swift; sourceTree = "<group>"; };
		079DE38C306C1E4900898AAC /* ContentView.swift */ = {isa = PBXFileReference; lastKnownFileType = sourcecode.swift; path = ContentView.swift; sourceTree = "<group>"; };
		079DE38E306C1E4D00898AAC /* Assets.xcassets */ = {isa = PBXFileReference; lastKnownFileType = folder.assetcatalog; path = Assets.xcassets; sourceTree = "<group>"; };
		079DE391306C1E4E00898AAC /* Preview Assets.xcassets */ = {isa = PBXFileReference; lastKnownFileType = folder.assetcatalog; path = "Preview Assets.xcassets"; sourceTree = "<group>"; };
		079DE397306C1E4E00898AAC /* PokeDexUriTests.xctest */ = {isa = PBXFileReference; explicitFileType = wrapper.cfbundle; includeInIndex = 0; path = PokeDexUriTests.xctest; sourceTree = BUILT_PRODUCTS_DIR; };
		079DE39B306C1E4E00898AAC /* PokeDexUriTests.swift */ = {isa = PBXFileReference; lastKnownFileType = sourcecode.swift; path = PokeDexUriTests.swift; sourceTree = "<group>"; };
		079DE3A1306C1E4E00898AAC /* PokeDexUriUITests.xctest */ = {isa = PBXFileReference; explicitFileType = wrapper.cfbundle; includeInIndex = 0; path = PokeDexUriUITests.xctest; sourceTree = BUILT_PRODUCTS_DIR; };
		079DE3A5306C1E4E00898AAC /* PokeDexUriUITests.swift */ = {isa = PBXFileReference; lastKnownFileType = sourcecode.swift; path = PokeDexUriUITests.swift; sourceTree = "<group>"; };
		079DE3A7306C1E4E00898AAC /* PokeDexUriUITestsLaunchTests.swift */ = {isa = PBXFileReference; lastKnownFileType = sourcecode.swift; path = PokeDexUriUITestsLaunchTests.swift; sourceTree = "<group>"; };
/* End PBXFileReference section */

/* Begin PBXFrameworksBuildPhase section */
		079DE384306C1E4900898AAC /* Frameworks */ = {
			isa = PBXFrameworksBuildPhase;
			buildActionMask = 2147483647;
			files = (
			);
			runOnlyForDeploymentPostprocessing = 0;
		};
		079DE394306C1E4E00898AAC /* Frameworks */ = {
			isa = PBXFrameworksBuildPhase;
			buildActionMask = 2147483647;
			files = (
			);
			runOnlyForDeploymentPostprocessing = 0;
		};
		079DE39E306C1E4E00898AAC /* Frameworks */ = {
			isa = PBXFrameworksBuildPhase;
			buildActionMask = 2147483647;
			files = (
			);
			runOnlyForDeploymentPostprocessing = 0;
		};
/* End PBXFrameworksBuildPhase section */

/* Begin PBXGroup section */
		079DE37E306C1E4800898AAC = {
			isa = PBXGroup;
			children = (
				079DE389306C1E4900898AAC /* PokeDexUri */,
				079DE39A306C1E4E00898AAC /* PokeDexUriTests */,
				079DE3A4306C1E4E00898AAC /* PokeDexUriUITests */,
				079DE388306C1E4900898AAC /* Products */,
			);
			sourceTree = "<group>";
		};
		079DE388306C1E4900898AAC /* Products */ = {
			isa = PBXGroup;
			children = (
				079DE387306C1E4900898AAC /* PokeDexUri.app */,
				079DE397306C1E4E00898AAC /* PokeDexUriTests.xctest */,
				079DE3A1306C1E4E00898AAC /* PokeDexUriUITests.xctest */,
			);
			name = Products;
			sourceTree = "<group>";
		};
		079DE389306C1E4900898AAC /* PokeDexUri */ = {
			isa = PBXGroup;
			children = (
				079DE3B6306C22E500898AAC /* Views */,
				079DE3B5306C22CA00898AAC /* ViewModels */,
				079DE3B4306C22B800898AAC /* Models */,
				079DE38A306C1E4900898AAC /* PokeDexUriApp.swift */,
				079DE38C306C1E4900898AAC /* ContentView.swift */,
				079DE38E306C1E4D00898AAC /* Assets.xcassets */,
				079DE390306C1E4E00898AAC /* Preview Content */,
			);
			path = PokeDexUri;
			sourceTree = "<group>";
		};
		079DE390306C1E4E00898AAC /* Preview Content */ = {
			isa = PBXGroup;
			children = (
				079DE391306C1E4E00898AAC /* Preview Assets.xcassets */,
			);
			path = "Preview Content";
			sourceTree = "<group>";
		};
		079DE39A306C1E4E00898AAC /* PokeDexUriTests */ = {
			isa = PBXGroup;
			children = (
				079DE39B306C1E4E00898AAC /* PokeDexUriTests.swift */,
			);
			path = PokeDexUriTests;
			sourceTree = "<group>";
		};
		079DE3A4306C1E4E00898AAC /* PokeDexUriUITests */ = {
			isa = PBXGroup;
			children = (
				079DE3A5306C1E4E00898AAC /* PokeDexUriUITests.swift */,
				079DE3A7306C1E4E00898AAC /* PokeDexUriUITestsLaunchTests.swift */,
			);
			path = PokeDexUriUITests;
			sourceTree = "<group>";
		};
		079DE3B4306C22B800898AAC /* Models */ = {
			isa = PBXGroup;
			children = (
			);
			path = Models;
			sourceTree = "<group>";
		};
		079DE3B5306C22CA00898AAC /* ViewModels */ = {
			isa = PBXGroup;
			children = (
			);
			path = ViewModels;
			sourceTree = "<group>";
		};
		079DE3B6306C22E500898AAC /* Views */ = {
			isa = PBXGroup;
			children = (
			);
			path = Views;
			sourceTree = "<group>";
		};
/* End PBXGroup section */

/* Begin PBXNativeTarget section */
		079DE386306C1E4900898AAC /* PokeDexUri */ = {
			isa = PBXNativeTarget;
			buildConfigurationList = 079DE3AB306C1E4E00898AAC /* Build configuration list for PBXNativeTarget "PokeDexUri" */;
			buildPhases = (
				079DE383306C1E4900898AAC /* Sources */,
				079DE384306C1E4900898AAC /* Frameworks */,
				079DE385306C1E4900898AAC /* Resources */,
			);
			buildRules = (
			);
			dependencies = (
			);
			name = PokeDexUri;
			productName = PokeDexUri;
			productReference = 079DE387306C1E4900898AAC /* PokeDexUri.app */;
			productType = "com.apple.product-type.application";
		};
		079DE396306C1E4E00898AAC /* PokeDexUriTests */ = {
			isa = PBXNativeTarget;
			buildConfigurationList = 079DE3AE306C1E4E00898AAC /* Build configuration list for PBXNativeTarget "PokeDexUriTests" */;
			buildPhases = (
				079DE393306C1E4E00898AAC /* Sources */,
				079DE394306C1E4E00898AAC /* Frameworks */,
				079DE395306C1E4E00898AAC /* Resources */,
			);
			buildRules = (
			);
			dependencies = (
				079DE399306C1E4E00898AAC /* PBXTargetDependency */,
			);
			name = PokeDexUriTests;
			productName = PokeDexUriTests;
			productReference = 079DE397306C1E4E00898AAC /* PokeDexUriTests.xctest */;
			productType = "com.apple.product-type.bundle.unit-test";
		};
		079DE3A0306C1E4E00898AAC /* PokeDexUriUITests */ = {
			isa = PBXNativeTarget;
			buildConfigurationList = 079DE3B1306C1E4E00898AAC /* Build configuration list for PBXNativeTarget "PokeDexUriUITests" */;
			buildPhases = (
				079DE39D306C1E4E00898AAC /* Sources */,
				079DE39E306C1E4E00898AAC /* Frameworks */,
				079DE39F306C1E4E00898AAC /* Resources */,
			);
			buildRules = (
			);
			dependencies = (
				079DE3A3306C1E4E00898AAC /* PBXTargetDependency */,
			);
			name = PokeDexUriUITests;
			productName = PokeDexUriUITests;
			productReference = 079DE3A1306C1E4E00898AAC /* PokeDexUriUITests.xctest */;
			productType = "com.apple.product-type.bundle.ui-testing";
		};
/* End PBXNativeTarget section */

/* Begin PBXProject section */
		079DE37F306C1E4800898AAC /* Project object */ = {
			isa = PBXProject;
			attributes = {
				BuildIndependentTargetsInParallel = 1;
				LastSwiftUpdateCheck = 1420;
				LastUpgradeCheck = 1420;
				TargetAttributes = {
					079DE386306C1E4900898AAC = {
						CreatedOnToolsVersion = 14.2;
					};
					079DE396306C1E4E00898AAC = {
						CreatedOnToolsVersion = 14.2;
						TestTargetID = 079DE386306C1E4900898AAC;
					};
					079DE3A0306C1E4E00898AAC = {
						CreatedOnToolsVersion = 14.2;
						TestTargetID = 079DE386306C1E4900898AAC;
					};
				};
			};
			buildConfigurationList = 079DE382306C1E4800898AAC /* Build configuration list for PBXProject "PokeDexUri" */;
			compatibilityVersion = "Xcode 14.0";
			developmentRegion = en;
			hasScannedForEncodings = 0;
			knownRegions = (
				en,
				Base,
			);
			mainGroup = 079DE37E306C1E4800898AAC;
			productRefGroup = 079DE388306C1E4900898AAC /* Products */;
			projectDirPath = "";
			projectRoot = "";
			targets = (
				079DE386306C1E4900898AAC /* PokeDexUri */,
				079DE396306C1E4E00898AAC /* PokeDexUriTests */,
				079DE3A0306C1E4E00898AAC /* PokeDexUriUITests */,
			);
		};
/* End PBXProject section */

/* Begin PBXResourcesBuildPhase section */
		079DE385306C1E4900898AAC /* Resources */ = {
			isa = PBXResourcesBuildPhase;
			buildActionMask = 2147483647;
			files = (
				079DE392306C1E4E00898AAC /* Preview Assets.xcassets in Resources */,
				079DE38F306C1E4D00898AAC /* Assets.xcassets in Resources */,
			);
			runOnlyForDeploymentPostprocessing = 0;
		};
		079DE395306C1E4E00898AAC /* Resources */ = {
			isa = PBXResourcesBuildPhase;
			buildActionMask = 2147483647;
			files = (
			);
			runOnlyForDeploymentPostprocessing = 0;
		};
		079DE39F306C1E4E00898AAC /* Resources */ = {
			isa = PBXResourcesBuildPhase;
			buildActionMask = 2147483647;
			files = (
			);
			runOnlyForDeploymentPostprocessing = 0;
		};
/* End PBXResourcesBuildPhase section */

/* Begin PBXSourcesBuildPhase section */
		079DE383306C1E4900898AAC /* Sources */ = {
			isa = PBXSourcesBuildPhase;
			buildActionMask = 2147483647;
			files = (
				079DE38D306C1E4900898AAC /* ContentView.swift in Sources */,
				079DE38B306C1E4900898AAC /* PokeDexUriApp.swift in Sources */,
			);
			runOnlyForDeploymentPostprocessing = 0;
		};
		079DE393306C1E4E00898AAC /* Sources */ = {
			isa = PBXSourcesBuildPhase;
			buildActionMask = 2147483647;
			files = (
				079DE39C306C1E4E00898AAC /* PokeDexUriTests.swift in Sources */,
			);
			runOnlyForDeploymentPostprocessing = 0;
		};
		079DE39D306C1E4E00898AAC /* Sources */ = {
			isa = PBXSourcesBuildPhase;
			buildActionMask = 2147483647;
			files = (
				079DE3A8306C1E4E00898AAC /* PokeDexUriUITestsLaunchTests.swift in Sources */,
				079DE3A6306C1E4E00898AAC /* PokeDexUriUITests.swift in Sources */,
			);
			runOnlyForDeploymentPostprocessing = 0;
		};
/* End PBXSourcesBuildPhase section */

/* Begin PBXTargetDependency section */
		079DE399306C1E4E00898AAC /* PBXTargetDependency */ = {
			isa = PBXTargetDependency;
			target = 079DE386306C1E4900898AAC /* PokeDexUri */;
			targetProxy = 079DE398306C1E4E00898AAC /* PBXContainerItemProxy */;
		};
		079DE3A3306C1E4E00898AAC /* PBXTargetDependency */ = {
			isa = PBXTargetDependency;
			target = 079DE386306C1E4900898AAC /* PokeDexUri */;
			targetProxy = 079DE3A2306C1E4E00898AAC /* PBXContainerItemProxy */;
		};
/* End PBXTargetDependency section */

/* Begin XCBuildConfiguration section */
		079DE3A9306C1E4E00898AAC /* Debug */ = {
			isa = XCBuildConfiguration;
			buildSettings = {
				ALWAYS_SEARCH_USER_PATHS = NO;
				CLANG_ANALYZER_NONNULL = YES;
				CLANG_ANALYZER_NUMBER_OBJECT_CONVERSION = YES_AGGRESSIVE;
				CLANG_CXX_LANGUAGE_STANDARD = "gnu++20";
				CLANG_ENABLE_MODULES = YES;
				CLANG_ENABLE_OBJC_ARC = YES;
				CLANG_ENABLE_OBJC_WEAK = YES;
				CLANG_WARN_BLOCK_CAPTURE_AUTORELEASING = YES;
				CLANG_WARN_BOOL_CONVERSION = YES;
				CLANG_WARN_COMMA = YES;
				CLANG_WARN_CONSTANT_CONVERSION = YES;
				CLANG_WARN_DEPRECATED_OBJC_IMPLEMENTATIONS = YES;
				CLANG_WARN_DIRECT_OBJC_ISA_USAGE = YES_ERROR;
				CLANG_WARN_DOCUMENTATION_COMMENTS = YES;
				CLANG_WARN_EMPTY_BODY = YES;
				CLANG_WARN_ENUM_CONVERSION = YES;
				CLANG_WARN_INFINITE_RECURSION = YES;
				CLANG_WARN_INT_CONVERSION = YES;
				CLANG_WARN_NON_LITERAL_NULL_CONVERSION = YES;
				CLANG_WARN_OBJC_IMPLICIT_RETAIN_SELF = YES;
				CLANG_WARN_OBJC_LITERAL_CONVERSION = YES;
				CLANG_WARN_OBJC_ROOT_CLASS = YES_ERROR;
				CLANG_WARN_QUOTED_INCLUDE_IN_FRAMEWORK_HEADER = YES;
				CLANG_WARN_RANGE_LOOP_ANALYSIS = YES;
				CLANG_WARN_STRICT_PROTOTYPES = YES;
				CLANG_WARN_SUSPICIOUS_MOVE = YES;
				CLANG_WARN_UNGUARDED_AVAILABILITY = YES_AGGRESSIVE;
				CLANG_WARN_UNREACHABLE_CODE = YES;
				CLANG_WARN__DUPLICATE_METHOD_MATCH = YES;
				COPY_PHASE_STRIP = NO;
				DEBUG_INFORMATION_FORMAT = dwarf;
				ENABLE_STRICT_OBJC_MSGSEND = YES;
				ENABLE_TESTABILITY = YES;
				GCC_C_LANGUAGE_STANDARD = gnu11;
				GCC_DYNAMIC_NO_PIC = NO;
				GCC_NO_COMMON_BLOCKS = YES;
				GCC_OPTIMIZATION_LEVEL = 0;
				GCC_PREPROCESSOR_DEFINITIONS = (
					"DEBUG=1",
					"$(inherited)",
				);
				GCC_WARN_64_TO_32_BIT_CONVERSION = YES;
				GCC_WARN_ABOUT_RETURN_TYPE = YES_ERROR;
				GCC_WARN_UNDECLARED_SELECTOR = YES;
				GCC_WARN_UNINITIALIZED_AUTOS = YES_AGGRESSIVE;
				GCC_WARN_UNUSED_FUNCTION = YES;
				GCC_WARN_UNUSED_VARIABLE = YES;
				IPHONEOS_DEPLOYMENT_TARGET = 16.2;
				MTL_ENABLE_DEBUG_INFO = INCLUDE_SOURCE;
				MTL_FAST_MATH = YES;
				ONLY_ACTIVE_ARCH = YES;
				SDKROOT = iphoneos;
				SWIFT_ACTIVE_COMPILATION_CONDITIONS = DEBUG;
				SWIFT_OPTIMIZATION_LEVEL = "-Onone";
			};
			name = Debug;
		};
		079DE3AA306C1E4E00898AAC /* Release */ = {
			isa = XCBuildConfiguration;
			buildSettings = {
				ALWAYS_SEARCH_USER_PATHS = NO;
				CLANG_ANALYZER_NONNULL = YES;
				CLANG_ANALYZER_NUMBER_OBJECT_CONVERSION = YES_AGGRESSIVE;
				CLANG_CXX_LANGUAGE_STANDARD = "gnu++20";
				CLANG_ENABLE_MODULES = YES;
				CLANG_ENABLE_OBJC_ARC = YES;
				CLANG_ENABLE_OBJC_WEAK = YES;
				CLANG_WARN_BLOCK_CAPTURE_AUTORELEASING = YES;
				CLANG_WARN_BOOL_CONVERSION = YES;
				CLANG_WARN_COMMA = YES;
				CLANG_WARN_CONSTANT_CONVERSION = YES;
				CLANG_WARN_DEPRECATED_OBJC_IMPLEMENTATIONS = YES;
				CLANG_WARN_DIRECT_OBJC_ISA_USAGE = YES_ERROR;
				CLANG_WARN_DOCUMENTATION_COMMENTS = YES;
				CLANG_WARN_EMPTY_BODY = YES;
				CLANG_WARN_ENUM_CONVERSION = YES;
				CLANG_WARN_INFINITE_RECURSION = YES;
				CLANG_WARN_INT_CONVERSION = YES;
				CLANG_WARN_NON_LITERAL_NULL_CONVERSION = YES;
				CLANG_WARN_OBJC_IMPLICIT_RETAIN_SELF = YES;
				CLANG_WARN_OBJC_LITERAL_CONVERSION = YES;
				CLANG_WARN_OBJC_ROOT_CLASS = YES_ERROR;
				CLANG_WARN_QUOTED_INCLUDE_IN_FRAMEWORK_HEADER = YES;
				CLANG_WARN_RANGE_LOOP_ANALYSIS = YES;
				CLANG_WARN_STRICT_PROTOTYPES = YES;
				CLANG_WARN_SUSPICIOUS_MOVE = YES;
				CLANG_WARN_UNGUARDED_AVAILABILITY = YES_AGGRESSIVE;
				CLANG_WARN_UNREACHABLE_CODE = YES;
				CLANG_WARN__DUPLICATE_METHOD_MATCH = YES;
				COPY_PHASE_STRIP = NO;
				DEBUG_INFORMATION_FORMAT = "dwarf-with-dsym";
				ENABLE_NS_ASSERTIONS = NO;
				ENABLE_STRICT_OBJC_MSGSEND = YES;
				GCC_C_LANGUAGE_STANDARD = gnu11;
				GCC_NO_COMMON_BLOCKS = YES;
				GCC_WARN_64_TO_32_BIT_CONVERSION = YES;
				GCC_WARN_ABOUT_RETURN_TYPE = YES_ERROR;
				GCC_WARN_UNDECLARED_SELECTOR = YES;
				GCC_WARN_UNINITIALIZED_AUTOS = YES_AGGRESSIVE;
				GCC_WARN_UNUSED_FUNCTION = YES;
				GCC_WARN_UNUSED_VARIABLE = YES;
				IPHONEOS_DEPLOYMENT_TARGET = 16.2;
				MTL_ENABLE_DEBUG_INFO = NO;
				MTL_FAST_MATH = YES;
				SDKROOT = iphoneos;
				SWIFT_COMPILATION_MODE = wholemodule;
				SWIFT_OPTIMIZATION_LEVEL = "-O";
				VALIDATE_PRODUCT = YES;
			};
			name = Release;
		};
		079DE3AC306C1E4E00898AAC /* Debug */ = {
			isa = XCBuildConfiguration;
			buildSettings = {
				ASSETCATALOG_COMPILER_APPICON_NAME = AppIcon;
				ASSETCATALOG_COMPILER_GLOBAL_ACCENT_COLOR_NAME = AccentColor;
				CODE_SIGN_STYLE = Automatic;
				CURRENT_PROJECT_VERSION = 1;
				DEVELOPMENT_ASSET_PATHS = "\"PokeDexUri/Preview Content\"";
				ENABLE_PREVIEWS = YES;
				GENERATE_INFOPLIST_FILE = YES;
				INFOPLIST_KEY_UIApplicationSceneManifest_Generation = YES;
				INFOPLIST_KEY_UIApplicationSupportsIndirectInputEvents = YES;
				INFOPLIST_KEY_UILaunchScreen_Generation = YES;
				INFOPLIST_KEY_UISupportedInterfaceOrientations_iPad = "UIInterfaceOrientationPortrait UIInterfaceOrientationPortraitUpsideDown UIInterfaceOrientationLandscapeLeft UIInterfaceOrientationLandscapeRight";
				INFOPLIST_KEY_UISupportedInterfaceOrientations_iPhone = "UIInterfaceOrientationPortrait UIInterfaceOrientationLandscapeLeft UIInterfaceOrientationLandscapeRight";
				LD_RUNPATH_SEARCH_PATHS = (
					"$(inherited)",
					"@executable_path/Frameworks",
				);
				MARKETING_VERSION = 1.0;
				PRODUCT_BUNDLE_IDENTIFIER = com.uri.com.PokeDexUri;
				PRODUCT_NAME = "$(TARGET_NAME)";
				SWIFT_EMIT_LOC_STRINGS = YES;
				SWIFT_VERSION = 5.0;
				TARGETED_DEVICE_FAMILY = "1,2";
			};
			name = Debug;
		};
		079DE3AD306C1E4E00898AAC /* Release */ = {
			isa = XCBuildConfiguration;
			buildSettings = {
				ASSETCATALOG_COMPILER_APPICON_NAME = AppIcon;
				ASSETCATALOG_COMPILER_GLOBAL_ACCENT_COLOR_NAME = AccentColor;
				CODE_SIGN_STYLE = Automatic;
				CURRENT_PROJECT_VERSION = 1;
				DEVELOPMENT_ASSET_PATHS = "\"PokeDexUri/Preview Content\"";
				ENABLE_PREVIEWS = YES;
				GENERATE_INFOPLIST_FILE = YES;
				INFOPLIST_KEY_UIApplicationSceneManifest_Generation = YES;
				INFOPLIST_KEY_UIApplicationSupportsIndirectInputEvents = YES;
				INFOPLIST_KEY_UILaunchScreen_Generation = YES;
				INFOPLIST_KEY_UISupportedInterfaceOrientations_iPad = "UIInterfaceOrientationPortrait UIInterfaceOrientationPortraitUpsideDown UIInterfaceOrientationLandscapeLeft UIInterfaceOrientationLandscapeRight";
				INFOPLIST_KEY_UISupportedInterfaceOrientations_iPhone = "UIInterfaceOrientationPortrait UIInterfaceOrientationLandscapeLeft UIInterfaceOrientationLandscapeRight";
				LD_RUNPATH_SEARCH_PATHS = (
					"$(inherited)",
					"@executable_path/Frameworks",
				);
				MARKETING_VERSION = 1.0;
				PRODUCT_BUNDLE_IDENTIFIER = com.uri.com.PokeDexUri;
				PRODUCT_NAME = "$(TARGET_NAME)";
				SWIFT_EMIT_LOC_STRINGS = YES;
				SWIFT_VERSION = 5.0;
				TARGETED_DEVICE_FAMILY = "1,2";
			};
			name = Release;
		};
		079DE3AF306C1E4E00898AAC /* Debug */ = {
			isa = XCBuildConfiguration;
			buildSettings = {
				ALWAYS_EMBED_SWIFT_STANDARD_LIBRARIES = YES;
				BUNDLE_LOADER = "$(TEST_HOST)";
				CODE_SIGN_STYLE = Automatic;
				CURRENT_PROJECT_VERSION = 1;
				GENERATE_INFOPLIST_FILE = YES;
				IPHONEOS_DEPLOYMENT_TARGET = 16.2;
				MARKETING_VERSION = 1.0;
				PRODUCT_BUNDLE_IDENTIFIER = com.uri.com.PokeDexUriTests;
				PRODUCT_NAME = "$(TARGET_NAME)";
				SWIFT_EMIT_LOC_STRINGS = NO;
				SWIFT_VERSION = 5.0;
				TARGETED_DEVICE_FAMILY = "1,2";
				TEST_HOST = "$(BUILT_PRODUCTS_DIR)/PokeDexUri.app/$(BUNDLE_EXECUTABLE_FOLDER_PATH)/PokeDexUri";
			};
			name = Debug;
		};
		079DE3B0306C1E4E00898AAC /* Release */ = {
			isa = XCBuildConfiguration;
			buildSettings = {
				ALWAYS_EMBED_SWIFT_STANDARD_LIBRARIES = YES;
				BUNDLE_LOADER = "$(TEST_HOST)";
				CODE_SIGN_STYLE = Automatic;
				CURRENT_PROJECT_VERSION = 1;
				GENERATE_INFOPLIST_FILE = YES;
				IPHONEOS_DEPLOYMENT_TARGET = 16.2;
				MARKETING_VERSION = 1.0;
				PRODUCT_BUNDLE_IDENTIFIER = com.uri.com.PokeDexUriTests;
				PRODUCT_NAME = "$(TARGET_NAME)";
				SWIFT_EMIT_LOC_STRINGS = NO;
				SWIFT_VERSION = 5.0;
				TARGETED_DEVICE_FAMILY = "1,2";
				TEST_HOST = "$(BUILT_PRODUCTS_DIR)/PokeDexUri.app/$(BUNDLE_EXECUTABLE_FOLDER_PATH)/PokeDexUri";
			};
			name = Release;
		};
		079DE3B2306C1E4E00898AAC /* Debug */ = {
			isa = XCBuildConfiguration;
			buildSettings = {
				ALWAYS_EMBED_SWIFT_STANDARD_LIBRARIES = YES;
				CODE_SIGN_STYLE = Automatic;
				CURRENT_PROJECT_VERSION = 1;
				GENERATE_INFOPLIST_FILE = YES;
				MARKETING_VERSION = 1.0;
				PRODUCT_BUNDLE_IDENTIFIER = com.uri.com.PokeDexUriUITests;
				PRODUCT_NAME = "$(TARGET_NAME)";
				SWIFT_EMIT_LOC_STRINGS = NO;
				SWIFT_VERSION = 5.0;
				TARGETED_DEVICE_FAMILY = "1,2";
				TEST_TARGET_NAME = PokeDexUri;
			};
			name = Debug;
		};
		079DE3B3306C1E4E00898AAC /* Release */ = {
			isa = XCBuildConfiguration;
			buildSettings = {
				ALWAYS_EMBED_SWIFT_STANDARD_LIBRARIES = YES;
				CODE_SIGN_STYLE = Automatic;
				CURRENT_PROJECT_VERSION = 1;
				GENERATE_INFOPLIST_FILE = YES;
				MARKETING_VERSION = 1.0;
				PRODUCT_BUNDLE_IDENTIFIER = com.uri.com.PokeDexUriUITests;
				PRODUCT_NAME = "$(TARGET_NAME)";
				SWIFT_EMIT_LOC_STRINGS = NO;
				SWIFT_VERSION = 5.0;
				TARGETED_DEVICE_FAMILY = "1,2";
				TEST_TARGET_NAME = PokeDexUri;
			};
			name = Release;
		};
/* End XCBuildConfiguration section */

/* Begin XCConfigurationList section */
		079DE382306C1E4800898AAC /* Build configuration list for PBXProject "PokeDexUri" */ = {
			isa = XCConfigurationList;
			buildConfigurations = (
				079DE3A9306C1E4E00898AAC /* Debug */,
				079DE3AA306C1E4E00898AAC /* Release */,
			);
			defaultConfigurationIsVisible = 0;
			defaultConfigurationName = Release;
		};
		079DE3AB306C1E4E00898AAC /* Build configuration list for PBXNativeTarget "PokeDexUri" */ = {
			isa = XCConfigurationList;
			buildConfigurations = (
				079DE3AC306C1E4E00898AAC /* Debug */,
				079DE3AD306C1E4E00898AAC /* Release */,
			);
			defaultConfigurationIsVisible = 0;
			defaultConfigurationName = Release;
		};
		079DE3AE306C1E4E00898AAC /* Build configuration list for PBXNativeTarget "PokeDexUriTests" */ = {
			isa = XCConfigurationList;
			buildConfigurations = (
				079DE3AF306C1E4E00898AAC /* Debug */,
				079DE3B0306C1E4E00898AAC /* Release */,
			);
			defaultConfigurationIsVisible = 0;
			defaultConfigurationName = Release;
		};
		079DE3B1306C1E4E00898AAC /* Build configuration list for PBXNativeTarget "PokeDexUriUITests" */ = {
			isa = XCConfigurationList;
			buildConfigurations = (
				079DE3B2306C1E4E00898AAC /* Debug */,
				079DE3B3306C1E4E00898AAC /* Release */,
			);
			defaultConfigurationIsVisible = 0;
			defaultConfigurationName = Release;
		};
/* End XCConfigurationList section */
	};
	rootObject = 079DE37F306C1E4800898AAC /* Project object */;
}
